// !$*UTF8*$!
{
	archiveVersion = 1;
	classes = {
	};
	objectVersion = 46;
	objects = {

/* Begin PBXBuildFile section */
		9DE2DEB318D1A62E00B9A845 /* app.cpp in Sources */ = {isa = PBXBuildFile; fileRef = 9DE2DEAE18D1A62E00B9A845 /* app.cpp */; };
		9DE2DEB418D1A62E00B9A845 /* main.cpp in Sources */ = {isa = PBXBuildFile; fileRef = 9DE2DEB018D1A62E00B9A845 /* main.cpp */; };
		9DE2DEB518D1A62E00B9A845 /* timing.cpp in Sources */ = {isa = PBXBuildFile; fileRef = 9DE2DEB118D1A62E00B9A845 /* timing.cpp */; };
		9DE2DEB718D1A64600B9A845 /* GLUT.framework in Frameworks */ = {isa = PBXBuildFile; fileRef = 9DE2DEB618D1A64600B9A845 /* GLUT.framework */; };
		9DE2DEB918D1A64C00B9A845 /* OpenGL.framework in Frameworks */ = {isa = PBXBuildFile; fileRef = 9DE2DEB818D1A64C00B9A845 /* OpenGL.framework */; };
		9DE2DEBB18D1A65800B9A845 /* libcyclone.a in Frameworks */ = {isa = PBXBuildFile; fileRef = 9DE2DEBA18D1A65800B9A845 /* libcyclone.a */; };
		9DE2DEC618D1AAFA00B9A845 /* box.cpp in Sources */ = {isa = PBXBuildFile; fileRef = 9DE2DEC418D1AAFA00B9A845 /* box.cpp */; };
/* End PBXBuildFile section */

/* Begin PBXCopyFilesBuildPhase section */
		9DE2DE9818D1A58F00B9A845 /* CopyFiles */ = {
			isa = PBXCopyFilesBuildPhase;
			buildActionMask = 2147483647;
			dstPath = /usr/share/man/man1/;
			dstSubfolderSpec = 0;
			files = (
			);
			runOnlyForDeploymentPostprocessing = 1;
		};
/* End PBXCopyFilesBuildPhase section */

/* Begin PBXFileReference section */
		9DE2DE9A18D1A58F00B9A845 /* Assignment 4 */ = {isa = PBXFileReference; explicitFileType = "compiled.mach-o.executable"; includeInIndex = 0; path = "Assignment 4"; sourceTree = BUILT_PRODUCTS_DIR; };
		9DE2DEAE18D1A62E00B9A845 /* app.cpp */ = {isa = PBXFileReference; fileEncoding = 4; lastKnownFileType = sourcecode.cpp.cpp; path = app.cpp; sourceTree = "<group>"; };
		9DE2DEAF18D1A62E00B9A845 /* app.h */ = {isa = PBXFileReference; fileEncoding = 4; lastKnownFileType = sourcecode.c.h; path = app.h; sourceTree = "<group>"; };
		9DE2DEB018D1A62E00B9A845 /* main.cpp */ = {isa = PBXFileReference; fileEncoding = 4; lastKnownFileType = sourcecode.cpp.cpp; path = main.cpp; sourceTree = "<group>"; };
		9DE2DEB118D1A62E00B9A845 /* timing.cpp */ = {isa = PBXFileReference; fileEncoding = 4; lastKnownFileType = sourcecode.cpp.cpp; path = timing.cpp; sourceTree = "<group>"; };
		9DE2DEB218D1A62E00B9A845 /* timing.h */ = {isa = PBXFileReference; fileEncoding = 4; lastKnownFileType = sourcecode.c.h; path = timing.h; sourceTree = "<group>"; };
		9DE2DEB618D1A64600B9A845 /* GLUT.framework */ = {isa = PBXFileReference; lastKnownFileType = wrapper.framework; name = GLUT.framework; path = System/Library/Frameworks/GLUT.framework; sourceTree = SDKROOT; };
		9DE2DEB818D1A64C00B9A845 /* OpenGL.framework */ = {isa = PBXFileReference; lastKnownFileType = wrapper.framework; name = OpenGL.framework; path = System/Library/Frameworks/OpenGL.framework; sourceTree = SDKROOT; };
		9DE2DEBA18D1A65800B9A845 /* libcyclone.a */ = {isa = PBXFileReference; lastKnownFileType = archive.ar; path = libcyclone.a; sourceTree = "<group>"; };
		9DE2DEC418D1AAFA00B9A845 /* box.cpp */ = {isa = PBXFileReference; fileEncoding = 4; lastKnownFileType = sourcecode.cpp.cpp; path = box.cpp; sourceTree = "<group>"; };
/* End PBXFileReference section */

/* Begin PBXFrameworksBuildPhase section */
		9DE2DE9718D1A58F00B9A845 /* Frameworks */ = {
			isa = PBXFrameworksBuildPhase;
			buildActionMask = 2147483647;
			files = (
				9DE2DEBB18D1A65800B9A845 /* libcyclone.a in Frameworks */,
				9DE2DEB918D1A64C00B9A845 /* OpenGL.framework in Frameworks */,
				9DE2DEB718D1A64600B9A845 /* GLUT.framework in Frameworks */,
			);
			runOnlyForDeploymentPostprocessing = 0;
		};
/* End PBXFrameworksBuildPhase section */

/* Begin PBXGroup section */
		9DE2DE9118D1A58F00B9A845 = {
			isa = PBXGroup;
			children = (
				9DE2DE9C18D1A58F00B9A845 /* Assignment 4 */,
				9DE2DEBC18D1A66B00B9A845 /* Frameworks */,
				9DE2DE9B18D1A58F00B9A845 /* Products */,
			);
			sourceTree = "<group>";
		};
		9DE2DE9B18D1A58F00B9A845 /* Products */ = {
			isa = PBXGroup;
			children = (
				9DE2DE9A18D1A58F00B9A845 /* Assignment 4 */,
			);
			name = Products;
			sourceTree = "<group>";
		};
		9DE2DE9C18D1A58F00B9A845 /* Assignment 4 */ = {
			isa = PBXGroup;
			children = (
				9DE2DEAE18D1A62E00B9A845 /* app.cpp */,
				9DE2DEAF18D1A62E00B9A845 /* app.h */,
				9DE2DEB018D1A62E00B9A845 /* main.cpp */,
				9DE2DEB118D1A62E00B9A845 /* timing.cpp */,
				9DE2DEB218D1A62E00B9A845 /* timing.h */,
				9DE2DEC418D1AAFA00B9A845 /* box.cpp */,
			);
			path = "Assignment 4";
			sourceTree = "<group>";
		};
		9DE2DEBC18D1A66B00B9A845 /* Frameworks */ = {
			isa = PBXGroup;
			children = (
				9DE2DEBA18D1A65800B9A845 /* libcyclone.a */,
				9DE2DEB818D1A64C00B9A845 /* OpenGL.framework */,
				9DE2DEB618D1A64600B9A845 /* GLUT.framework */,
			);
			name = Frameworks;
			sourceTree = "<group>";
		};
/* End PBXGroup section */

/* Begin PBXNativeTarget section */
		9DE2DE9918D1A58F00B9A845 /* Assignment 4 */ = {
			isa = PBXNativeTarget;
			buildConfigurationList = 9DE2DEA318D1A58F00B9A845 /* Build configuration list for PBXNativeTarget "Assignment 4" */;
			buildPhases = (
				9DE2DE9618D1A58F00B9A845 /* Sources */,
				9DE2DE9718D1A58F00B9A845 /* Frameworks */,
				9DE2DE9818D1A58F00B9A845 /* CopyFiles */,
			);
			buildRules = (
			);
			dependencies = (
			);
			name = "Assignment 4";
			productName = "Assignment 4";
			productReference = 9DE2DE9A18D1A58F00B9A845 /* Assignment 4 */;
			productType = "com.apple.product-type.tool";
		};
/* End PBXNativeTarget section */

/* Begin PBXProject section */
		9DE2DE9218D1A58F00B9A845 /* Project object */ = {
			isa = PBXProject;
			attributes = {
				LastUpgradeCheck = 0510;
				ORGANIZATIONNAME = "Alberto Mtnez";
			};
			buildConfigurationList = 9DE2DE9518D1A58F00B9A845 /* Build configuration list for PBXProject "Assignment 4" */;
			compatibilityVersion = "Xcode 3.2";
			developmentRegion = English;
			hasScannedForEncodings = 0;
			knownRegions = (
				en,
			);
			mainGroup = 9DE2DE9118D1A58F00B9A845;
			productRefGroup = 9DE2DE9B18D1A58F00B9A845 /* Products */;
			projectDirPath = "";
			projectRoot = "";
			targets = (
				9DE2DE9918D1A58F00B9A845 /* Assignment 4 */,
			);
		};
/* End PBXProject section */

/* Begin PBXSourcesBuildPhase section */
		9DE2DE9618D1A58F00B9A845 /* Sources */ = {
			isa = PBXSourcesBuildPhase;
			buildActionMask = 2147483647;
			files = (
				9DE2DEB418D1A62E00B9A845 /* main.cpp in Sources */,
				9DE2DEB518D1A62E00B9A845 /* timing.cpp in Sources */,
				9DE2DEB318D1A62E00B9A845 /* app.cpp in Sources */,
				9DE2DEC618D1AAFA00B9A845 /* box.cpp in Sources */,
			);
			runOnlyForDeploymentPostprocessing = 0;
		};
/* End PBXSourcesBuildPhase section */

/* Begin XCBuildConfiguration section */
		9DE2DEA118D1A58F00B9A845 /* Debug */ = {
			isa = XCBuildConfiguration;
			buildSettings = {
				ALWAYS_SEARCH_USER_PATHS = NO;
				CLANG_CXX_LANGUAGE_STANDARD = "gnu++0x";
				CLANG_CXX_LIBRARY = "libc++";
				CLANG_ENABLE_MODULES = YES;
				CLANG_ENABLE_OBJC_ARC = YES;
				CLANG_WARN_BOOL_CONVERSION = YES;
				CLANG_WARN_CONSTANT_CONVERSION = YES;
				CLANG_WARN_DIRECT_OBJC_ISA_USAGE = YES_ERROR;
				CLANG_WARN_EMPTY_BODY = YES;
				CLANG_WARN_ENUM_CONVERSION = YES;
				CLANG_WARN_INT_CONVERSION = YES;
				CLANG_WARN_OBJC_ROOT_CLASS = YES_ERROR;
				CLANG_WARN__DUPLICATE_METHOD_MATCH = YES;
				COPY_PHASE_STRIP = NO;
				GCC_C_LANGUAGE_STANDARD = gnu99;
				GCC_DYNAMIC_NO_PIC = NO;
				GCC_ENABLE_OBJC_EXCEPTIONS = YES;
				GCC_OPTIMIZATION_LEVEL = 0;
				GCC_PREPROCESSOR_DEFINITIONS = (
					"DEBUG=1",
					"$(inherited)",
				);
				GCC_SYMBOLS_PRIVATE_EXTERN = NO;
				GCC_WARN_64_TO_32_BIT_CONVERSION = YES;
				GCC_WARN_ABOUT_RETURN_TYPE = YES_ERROR;
				GCC_WARN_UNDECLARED_SELECTOR = YES;
				GCC_WARN_UNINITIALIZED_AUTOS = YES_AGGRESSIVE;
				GCC_WARN_UNUSED_FUNCTION = YES;
				GCC_WARN_UNUSED_VARIABLE = YES;
				MACOSX_DEPLOYMENT_TARGET = 10.9;
				ONLY_ACTIVE_ARCH = YES;
				SDKROOT = macosx;
			};
			name = Debug;
		};
		9DE2DEA218D1A58F00B9A845 /* Release */ = {
			isa = XCBuildConfiguration;
			buildSettings = {
				ALWAYS_SEARCH_USER_PATHS = NO;
				CLANG_CXX_LANGUAGE_STANDARD = "gnu++0x";
				CLANG_CXX_LIBRARY = "libc++";
				CLANG_ENABLE_MODULES = YES;
				CLANG_ENABLE_OBJC_ARC = YES;
				CLANG_WARN_BOOL_CONVERSION = YES;
				CLANG_WARN_CONSTANT_CONVERSION = YES;
				CLANG_WARN_DIRECT_OBJC_ISA_USAGE = YES_ERROR;
				CLANG_WARN_EMPTY_BODY = YES;
				CLANG_WARN_ENUM_CONVERSION = YES;
				CLANG_WARN_INT_CONVERSION = YES;
				CLANG_WARN_OBJC_ROOT_CLASS = YES_ERROR;
				CLANG_WARN__DUPLICATE_METHOD_MATCH = YES;
				COPY_PHASE_STRIP = YES;
				DEBUG_INFORMATION_FORMAT = "dwarf-with-dsym";
				ENABLE_NS_ASSERTIONS = NO;
				GCC_C_LANGUAGE_STANDARD = gnu99;
				GCC_ENABLE_OBJC_EXCEPTIONS = YES;
				GCC_WARN_64_TO_32_BIT_CONVERSION = YES;
				GCC_WARN_ABOUT_RETURN_TYPE = YES_ERROR;
				GCC_WARN_UNDECLARED_SELECTOR = YES;
				GCC_WARN_UNINITIALIZED_AUTOS = YES_AGGRESSIVE;
				GCC_WARN_UNUSED_FUNCTION = YES;
				GCC_WARN_UNUSED_VARIABLE = YES;
				MACOSX_DEPLOYMENT_TARGET = 10.9;
				SDKROOT = macosx;
			};
			name = Release;
		};
		9DE2DEA418D1A58F00B9A845 /* Debug */ = {
			isa = XCBuildConfiguration;
			buildSettings = {
				HEADER_SEARCH_PATHS = (
					"$(inherited)",
					/Applications/Xcode.app/Contents/Developer/Toolchains/XcodeDefault.xctoolchain/usr/include,
					"/Users/albertommr/Documents/Repositories/cyclone-physics/include",
				);
				LIBRARY_SEARCH_PATHS = (
					"$(inherited)",
					"$(PROJECT_DIR)",
				);
				PRODUCT_NAME = "$(TARGET_NAME)";
			};
			name = Debug;
		};
		9DE2DEA518D1A58F00B9A845 /* Release */ = {
			isa = XCBuildConfiguration;
			buildSettings = {
				HEADER_SEARCH_PATHS = (
					"$(inherited)",
					/Applications/Xcode.app/Contents/Developer/Toolchains/XcodeDefault.xctoolchain/usr/include,
					"/Users/albertommr/Documents/Repositories/cyclone-physics/include",
				);
				LIBRARY_SEARCH_PATHS = (
					"$(inherited)",
					"$(PROJECT_DIR)",
				);
				PRODUCT_NAME = "$(TARGET_NAME)";
			};
			name = Release;
		};
/* End XCBuildConfiguration section */

/* Begin XCConfigurationList section */
		9DE2DE9518D1A58F00B9A845 /* Build configuration list for PBXProject "Assignment 4" */ = {
			isa = XCConfigurationList;
			buildConfigurations = (
				9DE2DEA118D1A58F00B9A845 /* Debug */,
				9DE2DEA218D1A58F00B9A845 /* Release */,
			);
			defaultConfigurationIsVisible = 0;
			defaultConfigurationName = Release;
		};
		9DE2DEA318D1A58F00B9A845 /* Build configuration list for PBXNativeTarget "Assignment 4" */ = {
			isa = XCConfigurationList;
			buildConfigurations = (
				9DE2DEA418D1A58F00B9A845 /* Debug */,
				9DE2DEA518D1A58F00B9A845 /* Release */,
			);
			defaultConfigurationIsVisible = 0;
			defaultConfigurationName = Release;
		};
/* End XCConfigurationList section */
	};
	rootObject = 9DE2DE9218D1A58F00B9A845 /* Project object */;
}
